
Microsoft Visual Studio Solution File, Format Version 12.00
# Visual Studio Version 17
VisualStudioVersion = 17.2.32516.85
MinimumVisualStudioVersion = 10.0.40219.1
Project("{9A19103F-16F7-4668-BE54-9A1E7A4F7556}") = "ECommerce.BLL", "ECommerce.BL\ECommerce.BLL.csproj", "{3F5AC638-3933-4C60-966E-BF95D5DF0F72}"
EndProject
Project("{9A19103F-16F7-4668-BE54-9A1E7A4F7556}") = "ECommerce.Services", "ECommerce.Services\ECommerce.Services.csproj", "{32592879-23EE-4E37-B084-2D2493E7C3C0}"
EndProject
Project("{9A19103F-16F7-4668-BE54-9A1E7A4F7556}") = "ECommerce.DAL", "ECommerce.DAL\ECommerce.DAL.csproj", "{5A691D30-939A-4930-B1D0-6397EC94B1A1}"
EndProject
Project("{9A19103F-16F7-4668-BE54-9A1E7A4F7556}") = "ECommerce.API", "ECommerce.API\ECommerce.API.csproj", "{6535FE67-9920-4EB9-AF99-115FAC1D6F26}"
EndProject
Global
	GlobalSection(SolutionConfigurationPlatforms) = preSolution
		Debug|Any CPU = Debug|Any CPU
		Release|Any CPU = Release|Any CPU
	EndGlobalSection
	GlobalSection(ProjectConfigurationPlatforms) = postSolution
		{3F5AC638-3933-4C60-966E-BF95D5DF0F72}.Debug|Any CPU.ActiveCfg = Debug|Any CPU
		{3F5AC638-3933-4C60-966E-BF95D5DF0F72}.Debug|Any CPU.Build.0 = Debug|Any CPU
		{3F5AC638-3933-4C60-966E-BF95D5DF0F72}.Release|Any CPU.ActiveCfg = Release|Any CPU
		{3F5AC638-3933-4C60-966E-BF95D5DF0F72}.Release|Any CPU.Build.0 = Release|Any CPU
		{32592879-23EE-4E37-B084-2D2493E7C3C0}.Debug|Any CPU.ActiveCfg = Debug|Any CPU
		{32592879-23EE-4E37-B084-2D2493E7C3C0}.Debug|Any CPU.Build.0 = Debug|Any CPU
		{32592879-23EE-4E37-B084-2D2493E7C3C0}.Release|Any CPU.ActiveCfg = Release|Any CPU
		{32592879-23EE-4E37-B084-2D2493E7C3C0}.Release|Any CPU.Build.0 = Release|Any CPU
		{5A691D30-939A-4930-B1D0-6397EC94B1A1}.Debug|Any CPU.ActiveCfg = Debug|Any CPU
		{5A691D30-939A-4930-B1D0-6397EC94B1A1}.Debug|Any CPU.Build.0 = Debug|Any CPU
		{5A691D30-939A-4930-B1D0-6397EC94B1A1}.Release|Any CPU.ActiveCfg = Release|Any CPU
		{5A691D30-939A-4930-B1D0-6397EC94B1A1}.Release|Any CPU.Build.0 = Release|Any CPU
		{6535FE67-9920-4EB9-AF99-115FAC1D6F26}.Debug|Any CPU.ActiveCfg = Debug|Any CPU
		{6535FE67-9920-4EB9-AF99-115FAC1D6F26}.Debug|Any CPU.Build.0 = Debug|Any CPU
		{6535FE67-9920-4EB9-AF99-115FAC1D6F26}.Release|Any CPU.ActiveCfg = Release|Any CPU
		{6535FE67-9920-4EB9-AF99-115FAC1D6F26}.Release|Any CPU.Build.0 = Release|Any CPU
	EndGlobalSection
	GlobalSection(SolutionProperties) = preSolution
		HideSolutionNode = FALSE
	EndGlobalSection
	GlobalSection(ExtensibilityGlobals) = postSolution
		SolutionGuid = {2D363E21-DB3C-413A-BA9E-559A81C7E409}
	EndGlobalSection
EndGlobal
